// !$*UTF8*$!
{
	archiveVersion = 1;
	classes = {
	};
	objectVersion = 56;
	objects = {

/* Begin PBXBuildFile section */
		BEE3F1F22CAE040000389533 /* Nomad_AppApp.swift in Sources */ = {isa = PBXBuildFile; fileRef = BEE3F1F12CAE040000389533 /* Nomad_AppApp.swift */; };
		BEE3F1F42CAE040000389533 /* ContentView.swift in Sources */ = {isa = PBXBuildFile; fileRef = BEE3F1F32CAE040000389533 /* ContentView.swift */; };
		BEE3F1F62CAE040200389533 /* Assets.xcassets in Resources */ = {isa = PBXBuildFile; fileRef = BEE3F1F52CAE040200389533 /* Assets.xcassets */; };
		BEE3F1F92CAE040200389533 /* Preview Assets.xcassets in Resources */ = {isa = PBXBuildFile; fileRef = BEE3F1F82CAE040200389533 /* Preview Assets.xcassets */; };
		BEE3F2032CAFBA4500389533 /* City.swift in Sources */ = {isa = PBXBuildFile; fileRef = BEE3F2022CAFBA4500389533 /* City.swift */; };
		BEE3F2052CAFBABC00389533 /* Weather.swift in Sources */ = {isa = PBXBuildFile; fileRef = BEE3F2042CAFBABC00389533 /* Weather.swift */; };
		BEE3F2072CAFBC0D00389533 /* Review.swift in Sources */ = {isa = PBXBuildFile; fileRef = BEE3F2062CAFBC0D00389533 /* Review.swift */; };
		BEE3F2092CAFBCC100389533 /* CityCellView.swift in Sources */ = {isa = PBXBuildFile; fileRef = BEE3F2082CAFBCC100389533 /* CityCellView.swift */; };
		BEE3F20D2CAFC96900389533 /* CityViewModel.swift in Sources */ = {isa = PBXBuildFile; fileRef = BEE3F20C2CAFC96900389533 /* CityViewModel.swift */; };
		BEE3F20F2CAFE2C400389533 /* CitiesListView.swift in Sources */ = {isa = PBXBuildFile; fileRef = BEE3F20E2CAFE2C400389533 /* CitiesListView.swift */; };
		BEE3F2112CB028D200389533 /* CityDetailView.swift in Sources */ = {isa = PBXBuildFile; fileRef = BEE3F2102CB028D200389533 /* CityDetailView.swift */; };
		BEE3F2132CB043C200389533 /* ReviewCellView.swift in Sources */ = {isa = PBXBuildFile; fileRef = BEE3F2122CB043C200389533 /* ReviewCellView.swift */; };
		BEE3F2152CB0443D00389533 /* ReviewViewModel.swift in Sources */ = {isa = PBXBuildFile; fileRef = BEE3F2142CB0443D00389533 /* ReviewViewModel.swift */; };
/* End PBXBuildFile section */

/* Begin PBXFileReference section */
		BEE3F1EE2CAE040000389533 /* Nomad-App.app */ = {isa = PBXFileReference; explicitFileType = wrapper.application; includeInIndex = 0; path = "Nomad-App.app"; sourceTree = BUILT_PRODUCTS_DIR; };
		BEE3F1F12CAE040000389533 /* Nomad_AppApp.swift */ = {isa = PBXFileReference; lastKnownFileType = sourcecode.swift; path = Nomad_AppApp.swift; sourceTree = "<group>"; };
		BEE3F1F32CAE040000389533 /* ContentView.swift */ = {isa = PBXFileReference; lastKnownFileType = sourcecode.swift; path = ContentView.swift; sourceTree = "<group>"; };
		BEE3F1F52CAE040200389533 /* Assets.xcassets */ = {isa = PBXFileReference; lastKnownFileType = folder.assetcatalog; path = Assets.xcassets; sourceTree = "<group>"; };
		BEE3F1F82CAE040200389533 /* Preview Assets.xcassets */ = {isa = PBXFileReference; lastKnownFileType = folder.assetcatalog; path = "Preview Assets.xcassets"; sourceTree = "<group>"; };
		BEE3F2022CAFBA4500389533 /* City.swift */ = {isa = PBXFileReference; lastKnownFileType = sourcecode.swift; path = City.swift; sourceTree = "<group>"; };
		BEE3F2042CAFBABC00389533 /* Weather.swift */ = {isa = PBXFileReference; lastKnownFileType = sourcecode.swift; path = Weather.swift; sourceTree = "<group>"; };
		BEE3F2062CAFBC0D00389533 /* Review.swift */ = {isa = PBXFileReference; lastKnownFileType = sourcecode.swift; path = Review.swift; sourceTree = "<group>"; };
		BEE3F2082CAFBCC100389533 /* CityCellView.swift */ = {isa = PBXFileReference; lastKnownFileType = sourcecode.swift; path = CityCellView.swift; sourceTree = "<group>"; };
		BEE3F20C2CAFC96900389533 /* CityViewModel.swift */ = {isa = PBXFileReference; lastKnownFileType = sourcecode.swift; path = CityViewModel.swift; sourceTree = "<group>"; };
		BEE3F20E2CAFE2C400389533 /* CitiesListView.swift */ = {isa = PBXFileReference; lastKnownFileType = sourcecode.swift; path = CitiesListView.swift; sourceTree = "<group>"; };
		BEE3F2102CB028D200389533 /* CityDetailView.swift */ = {isa = PBXFileReference; lastKnownFileType = sourcecode.swift; path = CityDetailView.swift; sourceTree = "<group>"; };
		BEE3F2122CB043C200389533 /* ReviewCellView.swift */ = {isa = PBXFileReference; lastKnownFileType = sourcecode.swift; path = ReviewCellView.swift; sourceTree = "<group>"; };
		BEE3F2142CB0443D00389533 /* ReviewViewModel.swift */ = {isa = PBXFileReference; lastKnownFileType = sourcecode.swift; path = ReviewViewModel.swift; sourceTree = "<group>"; };
/* End PBXFileReference section */

/* Begin PBXFrameworksBuildPhase section */
		BEE3F1EB2CAE040000389533 /* Frameworks */ = {
			isa = PBXFrameworksBuildPhase;
			buildActionMask = 2147483647;
			files = (
			);
			runOnlyForDeploymentPostprocessing = 0;
		};
/* End PBXFrameworksBuildPhase section */

/* Begin PBXGroup section */
		BEE3F1E52CAE040000389533 = {
			isa = PBXGroup;
			children = (
				BEE3F1F02CAE040000389533 /* Nomad-App */,
				BEE3F1EF2CAE040000389533 /* Products */,
			);
			sourceTree = "<group>";
		};
		BEE3F1EF2CAE040000389533 /* Products */ = {
			isa = PBXGroup;
			children = (
				BEE3F1EE2CAE040000389533 /* Nomad-App.app */,
			);
			name = Products;
			sourceTree = "<group>";
		};
		BEE3F1F02CAE040000389533 /* Nomad-App */ = {
			isa = PBXGroup;
			children = (
				BEE3F20B2CAFC91900389533 /* ViewModel */,
				BEE3F2012CAFBA3600389533 /* Model */,
				BEE3F1FF2CAE044100389533 /* View */,
				BEE3F1F12CAE040000389533 /* Nomad_AppApp.swift */,
				BEE3F1F32CAE040000389533 /* ContentView.swift */,
				BEE3F1F52CAE040200389533 /* Assets.xcassets */,
				BEE3F1F72CAE040200389533 /* Preview Content */,
			);
			path = "Nomad-App";
			sourceTree = "<group>";
		};
		BEE3F1F72CAE040200389533 /* Preview Content */ = {
			isa = PBXGroup;
			children = (
				BEE3F1F82CAE040200389533 /* Preview Assets.xcassets */,
			);
			path = "Preview Content";
			sourceTree = "<group>";
		};
		BEE3F1FF2CAE044100389533 /* View */ = {
			isa = PBXGroup;
			children = (
				BEE3F2002CAE044900389533 /* Components */,
				BEE3F20E2CAFE2C400389533 /* CitiesListView.swift */,
				BEE3F2102CB028D200389533 /* CityDetailView.swift */,
			);
			path = View;
			sourceTree = "<group>";
		};
		BEE3F2002CAE044900389533 /* Components */ = {
			isa = PBXGroup;
			children = (
				BEE3F2082CAFBCC100389533 /* CityCellView.swift */,
				BEE3F2122CB043C200389533 /* ReviewCellView.swift */,
			);
			path = Components;
			sourceTree = "<group>";
		};
		BEE3F2012CAFBA3600389533 /* Model */ = {
			isa = PBXGroup;
			children = (
				BEE3F2022CAFBA4500389533 /* City.swift */,
				BEE3F2042CAFBABC00389533 /* Weather.swift */,
				BEE3F2062CAFBC0D00389533 /* Review.swift */,
			);
			path = Model;
			sourceTree = "<group>";
		};
		BEE3F20B2CAFC91900389533 /* ViewModel */ = {
			isa = PBXGroup;
			children = (
				BEE3F20C2CAFC96900389533 /* CityViewModel.swift */,
				BEE3F2142CB0443D00389533 /* ReviewViewModel.swift */,
			);
			path = ViewModel;
			sourceTree = "<group>";
		};
/* End PBXGroup section */

/* Begin PBXNativeTarget section */
		BEE3F1ED2CAE040000389533 /* Nomad-App */ = {
			isa = PBXNativeTarget;
			buildConfigurationList = BEE3F1FC2CAE040200389533 /* Build configuration list for PBXNativeTarget "Nomad-App" */;
			buildPhases = (
				BEE3F1EA2CAE040000389533 /* Sources */,
				BEE3F1EB2CAE040000389533 /* Frameworks */,
				BEE3F1EC2CAE040000389533 /* Resources */,
			);
			buildRules = (
			);
			dependencies = (
			);
			name = "Nomad-App";
			productName = "Nomad-App";
			productReference = BEE3F1EE2CAE040000389533 /* Nomad-App.app */;
			productType = "com.apple.product-type.application";
		};
/* End PBXNativeTarget section */

/* Begin PBXProject section */
		BEE3F1E62CAE040000389533 /* Project object */ = {
			isa = PBXProject;
			attributes = {
				BuildIndependentTargetsInParallel = 1;
				LastSwiftUpdateCheck = 1540;
				LastUpgradeCheck = 1540;
				TargetAttributes = {
					BEE3F1ED2CAE040000389533 = {
						CreatedOnToolsVersion = 15.4;
					};
				};
			};
			buildConfigurationList = BEE3F1E92CAE040000389533 /* Build configuration list for PBXProject "Nomad-App" */;
			compatibilityVersion = "Xcode 14.0";
			developmentRegion = en;
			hasScannedForEncodings = 0;
			knownRegions = (
				en,
				Base,
			);
			mainGroup = BEE3F1E52CAE040000389533;
			productRefGroup = BEE3F1EF2CAE040000389533 /* Products */;
			projectDirPath = "";
			projectRoot = "";
			targets = (
				BEE3F1ED2CAE040000389533 /* Nomad-App */,
			);
		};
/* End PBXProject section */

/* Begin PBXResourcesBuildPhase section */
		BEE3F1EC2CAE040000389533 /* Resources */ = {
			isa = PBXResourcesBuildPhase;
			buildActionMask = 2147483647;
			files = (
				BEE3F1F92CAE040200389533 /* Preview Assets.xcassets in Resources */,
				BEE3F1F62CAE040200389533 /* Assets.xcassets in Resources */,
			);
			runOnlyForDeploymentPostprocessing = 0;
		};
/* End PBXResourcesBuildPhase section */

/* Begin PBXSourcesBuildPhase section */
		BEE3F1EA2CAE040000389533 /* Sources */ = {
			isa = PBXSourcesBuildPhase;
			buildActionMask = 2147483647;
			files = (
				BEE3F2072CAFBC0D00389533 /* Review.swift in Sources */,
				BEE3F2112CB028D200389533 /* CityDetailView.swift in Sources */,
				BEE3F2052CAFBABC00389533 /* Weather.swift in Sources */,
				BEE3F1F42CAE040000389533 /* ContentView.swift in Sources */,
				BEE3F1F22CAE040000389533 /* Nomad_AppApp.swift in Sources */,
				BEE3F2032CAFBA4500389533 /* City.swift in Sources */,
				BEE3F20D2CAFC96900389533 /* CityViewModel.swift in Sources */,
				BEE3F2092CAFBCC100389533 /* CityCellView.swift in Sources */,
				BEE3F2152CB0443D00389533 /* ReviewViewModel.swift in Sources */,
				BEE3F2132CB043C200389533 /* ReviewCellView.swift in Sources */,
				BEE3F20F2CAFE2C400389533 /* CitiesListView.swift in Sources */,
			);
			runOnlyForDeploymentPostprocessing = 0;
		};
/* End PBXSourcesBuildPhase section */

/* Begin XCBuildConfiguration section */
		BEE3F1FA2CAE040200389533 /* Debug */ = {
			isa = XCBuildConfiguration;
			buildSettings = {
				ALWAYS_SEARCH_USER_PATHS = NO;
				ASSETCATALOG_COMPILER_GENERATE_SWIFT_ASSET_SYMBOL_EXTENSIONS = YES;
				CLANG_ANALYZER_NONNULL = YES;
				CLANG_ANALYZER_NUMBER_OBJECT_CONVERSION = YES_AGGRESSIVE;
				CLANG_CXX_LANGUAGE_STANDARD = "gnu++20";
				CLANG_ENABLE_MODULES = YES;
				CLANG_ENABLE_OBJC_ARC = YES;
				CLANG_ENABLE_OBJC_WEAK = YES;
				CLANG_WARN_BLOCK_CAPTURE_AUTORELEASING = YES;
				CLANG_WARN_BOOL_CONVERSION = YES;
				CLANG_WARN_COMMA = YES;
				CLANG_WARN_CONSTANT_CONVERSION = YES;
				CLANG_WARN_DEPRECATED_OBJC_IMPLEMENTATIONS = YES;
				CLANG_WARN_DIRECT_OBJC_ISA_USAGE = YES_ERROR;
				CLANG_WARN_DOCUMENTATION_COMMENTS = YES;
				CLANG_WARN_EMPTY_BODY = YES;
				CLANG_WARN_ENUM_CONVERSION = YES;
				CLANG_WARN_INFINITE_RECURSION = YES;
				CLANG_WARN_INT_CONVERSION = YES;
				CLANG_WARN_NON_LITERAL_NULL_CONVERSION = YES;
				CLANG_WARN_OBJC_IMPLICIT_RETAIN_SELF = YES;
				CLANG_WARN_OBJC_LITERAL_CONVERSION = YES;
				CLANG_WARN_OBJC_ROOT_CLASS = YES_ERROR;
				CLANG_WARN_QUOTED_INCLUDE_IN_FRAMEWORK_HEADER = YES;
				CLANG_WARN_RANGE_LOOP_ANALYSIS = YES;
				CLANG_WARN_STRICT_PROTOTYPES = YES;
				CLANG_WARN_SUSPICIOUS_MOVE = YES;
				CLANG_WARN_UNGUARDED_AVAILABILITY = YES_AGGRESSIVE;
				CLANG_WARN_UNREACHABLE_CODE = YES;
				CLANG_WARN__DUPLICATE_METHOD_MATCH = YES;
				COPY_PHASE_STRIP = NO;
				DEBUG_INFORMATION_FORMAT = dwarf;
				ENABLE_STRICT_OBJC_MSGSEND = YES;
				ENABLE_TESTABILITY = YES;
				ENABLE_USER_SCRIPT_SANDBOXING = YES;
				GCC_C_LANGUAGE_STANDARD = gnu17;
				GCC_DYNAMIC_NO_PIC = NO;
				GCC_NO_COMMON_BLOCKS = YES;
				GCC_OPTIMIZATION_LEVEL = 0;
				GCC_PREPROCESSOR_DEFINITIONS = (
					"DEBUG=1",
					"$(inherited)",
				);
				GCC_WARN_64_TO_32_BIT_CONVERSION = YES;
				GCC_WARN_ABOUT_RETURN_TYPE = YES_ERROR;
				GCC_WARN_UNDECLARED_SELECTOR = YES;
				GCC_WARN_UNINITIALIZED_AUTOS = YES_AGGRESSIVE;
				GCC_WARN_UNUSED_FUNCTION = YES;
				GCC_WARN_UNUSED_VARIABLE = YES;
				IPHONEOS_DEPLOYMENT_TARGET = 17.5;
				LOCALIZATION_PREFERS_STRING_CATALOGS = YES;
				MTL_ENABLE_DEBUG_INFO = INCLUDE_SOURCE;
				MTL_FAST_MATH = YES;
				ONLY_ACTIVE_ARCH = YES;
				SDKROOT = iphoneos;
				SWIFT_ACTIVE_COMPILATION_CONDITIONS = "DEBUG $(inherited)";
				SWIFT_OPTIMIZATION_LEVEL = "-Onone";
			};
			name = Debug;
		};
		BEE3F1FB2CAE040200389533 /* Release */ = {
			isa = XCBuildConfiguration;
			buildSettings = {
				ALWAYS_SEARCH_USER_PATHS = NO;
				ASSETCATALOG_COMPILER_GENERATE_SWIFT_ASSET_SYMBOL_EXTENSIONS = YES;
				CLANG_ANALYZER_NONNULL = YES;
				CLANG_ANALYZER_NUMBER_OBJECT_CONVERSION = YES_AGGRESSIVE;
				CLANG_CXX_LANGUAGE_STANDARD = "gnu++20";
				CLANG_ENABLE_MODULES = YES;
				CLANG_ENABLE_OBJC_ARC = YES;
				CLANG_ENABLE_OBJC_WEAK = YES;
				CLANG_WARN_BLOCK_CAPTURE_AUTORELEASING = YES;
				CLANG_WARN_BOOL_CONVERSION = YES;
				CLANG_WARN_COMMA = YES;
				CLANG_WARN_CONSTANT_CONVERSION = YES;
				CLANG_WARN_DEPRECATED_OBJC_IMPLEMENTATIONS = YES;
				CLANG_WARN_DIRECT_OBJC_ISA_USAGE = YES_ERROR;
				CLANG_WARN_DOCUMENTATION_COMMENTS = YES;
				CLANG_WARN_EMPTY_BODY = YES;
				CLANG_WARN_ENUM_CONVERSION = YES;
				CLANG_WARN_INFINITE_RECURSION = YES;
				CLANG_WARN_INT_CONVERSION = YES;
				CLANG_WARN_NON_LITERAL_NULL_CONVERSION = YES;
				CLANG_WARN_OBJC_IMPLICIT_RETAIN_SELF = YES;
				CLANG_WARN_OBJC_LITERAL_CONVERSION = YES;
				CLANG_WARN_OBJC_ROOT_CLASS = YES_ERROR;
				CLANG_WARN_QUOTED_INCLUDE_IN_FRAMEWORK_HEADER = YES;
				CLANG_WARN_RANGE_LOOP_ANALYSIS = YES;
				CLANG_WARN_STRICT_PROTOTYPES = YES;
				CLANG_WARN_SUSPICIOUS_MOVE = YES;
				CLANG_WARN_UNGUARDED_AVAILABILITY = YES_AGGRESSIVE;
				CLANG_WARN_UNREACHABLE_CODE = YES;
				CLANG_WARN__DUPLICATE_METHOD_MATCH = YES;
				COPY_PHASE_STRIP = NO;
				DEBUG_INFORMATION_FORMAT = "dwarf-with-dsym";
				ENABLE_NS_ASSERTIONS = NO;
				ENABLE_STRICT_OBJC_MSGSEND = YES;
				ENABLE_USER_SCRIPT_SANDBOXING = YES;
				GCC_C_LANGUAGE_STANDARD = gnu17;
				GCC_NO_COMMON_BLOCKS = YES;
				GCC_WARN_64_TO_32_BIT_CONVERSION = YES;
				GCC_WARN_ABOUT_RETURN_TYPE = YES_ERROR;
				GCC_WARN_UNDECLARED_SELECTOR = YES;
				GCC_WARN_UNINITIALIZED_AUTOS = YES_AGGRESSIVE;
				GCC_WARN_UNUSED_FUNCTION = YES;
				GCC_WARN_UNUSED_VARIABLE = YES;
				IPHONEOS_DEPLOYMENT_TARGET = 17.5;
				LOCALIZATION_PREFERS_STRING_CATALOGS = YES;
				MTL_ENABLE_DEBUG_INFO = NO;
				MTL_FAST_MATH = YES;
				SDKROOT = iphoneos;
				SWIFT_COMPILATION_MODE = wholemodule;
				VALIDATE_PRODUCT = YES;
			};
			name = Release;
		};
		BEE3F1FD2CAE040200389533 /* Debug */ = {
			isa = XCBuildConfiguration;
			buildSettings = {
				ASSETCATALOG_COMPILER_APPICON_NAME = AppIcon;
				ASSETCATALOG_COMPILER_GLOBAL_ACCENT_COLOR_NAME = AccentColor;
				CODE_SIGN_STYLE = Automatic;
				CURRENT_PROJECT_VERSION = 1;
				DEVELOPMENT_ASSET_PATHS = "\"Nomad-App/Preview Content\"";
				ENABLE_PREVIEWS = YES;
				GENERATE_INFOPLIST_FILE = YES;
				INFOPLIST_KEY_UIApplicationSceneManifest_Generation = YES;
				INFOPLIST_KEY_UIApplicationSupportsIndirectInputEvents = YES;
				INFOPLIST_KEY_UILaunchScreen_Generation = YES;
				INFOPLIST_KEY_UISupportedInterfaceOrientations_iPad = "UIInterfaceOrientationPortrait UIInterfaceOrientationPortraitUpsideDown UIInterfaceOrientationLandscapeLeft UIInterfaceOrientationLandscapeRight";
				INFOPLIST_KEY_UISupportedInterfaceOrientations_iPhone = "UIInterfaceOrientationPortrait UIInterfaceOrientationLandscapeLeft UIInterfaceOrientationLandscapeRight";
				LD_RUNPATH_SEARCH_PATHS = (
					"$(inherited)",
					"@executable_path/Frameworks",
				);
				MARKETING_VERSION = 1.0;
				PRODUCT_BUNDLE_IDENTIFIER = "com.sebastien.Nomad-App";
				PRODUCT_NAME = "$(TARGET_NAME)";
				SWIFT_EMIT_LOC_STRINGS = YES;
				SWIFT_VERSION = 5.0;
				TARGETED_DEVICE_FAMILY = "1,2";
			};
			name = Debug;
		};
		BEE3F1FE2CAE040200389533 /* Release */ = {
			isa = XCBuildConfiguration;
			buildSettings = {
				ASSETCATALOG_COMPILER_APPICON_NAME = AppIcon;
				ASSETCATALOG_COMPILER_GLOBAL_ACCENT_COLOR_NAME = AccentColor;
				CODE_SIGN_STYLE = Automatic;
				CURRENT_PROJECT_VERSION = 1;
				DEVELOPMENT_ASSET_PATHS = "\"Nomad-App/Preview Content\"";
				ENABLE_PREVIEWS = YES;
				GENERATE_INFOPLIST_FILE = YES;
				INFOPLIST_KEY_UIApplicationSceneManifest_Generation = YES;
				INFOPLIST_KEY_UIApplicationSupportsIndirectInputEvents = YES;
				INFOPLIST_KEY_UILaunchScreen_Generation = YES;
				INFOPLIST_KEY_UISupportedInterfaceOrientations_iPad = "UIInterfaceOrientationPortrait UIInterfaceOrientationPortraitUpsideDown UIInterfaceOrientationLandscapeLeft UIInterfaceOrientationLandscapeRight";
				INFOPLIST_KEY_UISupportedInterfaceOrientations_iPhone = "UIInterfaceOrientationPortrait UIInterfaceOrientationLandscapeLeft UIInterfaceOrientationLandscapeRight";
				LD_RUNPATH_SEARCH_PATHS = (
					"$(inherited)",
					"@executable_path/Frameworks",
				);
				MARKETING_VERSION = 1.0;
				PRODUCT_BUNDLE_IDENTIFIER = "com.sebastien.Nomad-App";
				PRODUCT_NAME = "$(TARGET_NAME)";
				SWIFT_EMIT_LOC_STRINGS = YES;
				SWIFT_VERSION = 5.0;
				TARGETED_DEVICE_FAMILY = "1,2";
			};
			name = Release;
		};
/* End XCBuildConfiguration section */

/* Begin XCConfigurationList section */
		BEE3F1E92CAE040000389533 /* Build configuration list for PBXProject "Nomad-App" */ = {
			isa = XCConfigurationList;
			buildConfigurations = (
				BEE3F1FA2CAE040200389533 /* Debug */,
				BEE3F1FB2CAE040200389533 /* Release */,
			);
			defaultConfigurationIsVisible = 0;
			defaultConfigurationName = Release;
		};
		BEE3F1FC2CAE040200389533 /* Build configuration list for PBXNativeTarget "Nomad-App" */ = {
			isa = XCConfigurationList;
			buildConfigurations = (
				BEE3F1FD2CAE040200389533 /* Debug */,
				BEE3F1FE2CAE040200389533 /* Release */,
			);
			defaultConfigurationIsVisible = 0;
			defaultConfigurationName = Release;
		};
/* End XCConfigurationList section */
	};
	rootObject = BEE3F1E62CAE040000389533 /* Project object */;
}
